
Microsoft Visual Studio Solution File, Format Version 12.00
# Visual Studio Version 17
VisualStudioVersion = 17.4.33213.308
MinimumVisualStudioVersion = 10.0.40219.1
Project("{FAE04EC0-301F-11D3-BF4B-00C04F79EFBC}") = "RockPaperScissors", "RockPaperScissors.csproj", "{79D1802F-F1B3-46BA-A3E5-48B5578DEBA6}"
EndProject
Global
	GlobalSection(SolutionConfigurationPlatforms) = preSolution
		Debug|Any CPU = Debug|Any CPU
		Release|Any CPU = Release|Any CPU
	EndGlobalSection
	GlobalSection(ProjectConfigurationPlatforms) = postSolution
		{79D1802F-F1B3-46BA-A3E5-48B5578DEBA6}.Debug|Any CPU.ActiveCfg = Debug|Any CPU
		{79D1802F-F1B3-46BA-A3E5-48B5578DEBA6}.Debug|Any CPU.Build.0 = Debug|Any CPU
		{79D1802F-F1B3-46BA-A3E5-48B5578DEBA6}.Release|Any CPU.ActiveCfg = Release|Any CPU
		{79D1802F-F1B3-46BA-A3E5-48B5578DEBA6}.Release|Any CPU.Build.0 = Release|Any CPU
	EndGlobalSection
	GlobalSection(SolutionProperties) = preSolution
		HideSolutionNode = FALSE
	EndGlobalSection
	GlobalSection(ExtensibilityGlobals) = postSolution
		SolutionGuid = {E2896343-81D8-450A-97EE-14F9ABE7E347}
	EndGlobalSection
EndGlobal
